
Microsoft Visual Studio Solution File, Format Version 12.00
# Visual Studio Version 17
VisualStudioVersion = 17.9.34701.34
MinimumVisualStudioVersion = 10.0.40219.1
Project("{FAE04EC0-301F-11D3-BF4B-00C04F79EFBC}") = "Domain", "Domain\Domain.csproj", "{AB6B67F7-BC80-455D-9879-47B7AE3B4805}"
EndProject
Project("{FAE04EC0-301F-11D3-BF4B-00C04F79EFBC}") = "ApplicationLayer", "ApplicationLayer\ApplicationLayer.csproj", "{BFBD0A35-5CB0-4B12-A0EA-9F5CCD9837B9}"
EndProject
Global
	GlobalSection(SolutionConfigurationPlatforms) = preSolution
		Debug|Any CPU = Debug|Any CPU
		Release|Any CPU = Release|Any CPU
	EndGlobalSection
	GlobalSection(ProjectConfigurationPlatforms) = postSolution
		{AB6B67F7-BC80-455D-9879-47B7AE3B4805}.Debug|Any CPU.ActiveCfg = Debug|Any CPU
		{AB6B67F7-BC80-455D-9879-47B7AE3B4805}.Debug|Any CPU.Build.0 = Debug|Any CPU
		{AB6B67F7-BC80-455D-9879-47B7AE3B4805}.Release|Any CPU.ActiveCfg = Release|Any CPU
		{AB6B67F7-BC80-455D-9879-47B7AE3B4805}.Release|Any CPU.Build.0 = Release|Any CPU
		{BFBD0A35-5CB0-4B12-A0EA-9F5CCD9837B9}.Debug|Any CPU.ActiveCfg = Debug|Any CPU
		{BFBD0A35-5CB0-4B12-A0EA-9F5CCD9837B9}.Debug|Any CPU.Build.0 = Debug|Any CPU
		{BFBD0A35-5CB0-4B12-A0EA-9F5CCD9837B9}.Release|Any CPU.ActiveCfg = Release|Any CPU
		{BFBD0A35-5CB0-4B12-A0EA-9F5CCD9837B9}.Release|Any CPU.Build.0 = Release|Any CPU
	EndGlobalSection
	GlobalSection(SolutionProperties) = preSolution
		HideSolutionNode = FALSE
	EndGlobalSection
	GlobalSection(ExtensibilityGlobals) = postSolution
		SolutionGuid = {259BD008-4BF9-44C8-ACB9-9CDA57B67E6E}
	EndGlobalSection
EndGlobal
